
Microsoft Visual Studio Solution File, Format Version 12.00
# Visual Studio Version 16
VisualStudioVersion = 16.0.31105.61
MinimumVisualStudioVersion = 10.0.40219.1
Project("{FAE04EC0-301F-11D3-BF4B-00C04F79EFBC}") = "DataAccess", "DataAccess\DataAccess.csproj", "{A1D68F16-C102-4372-A136-CE52E6531803}"
EndProject
Project("{FAE04EC0-301F-11D3-BF4B-00C04F79EFBC}") = "Business", "Business\Business.csproj", "{11424D9D-41AC-4CD7-9C37-E75F0032ADCD}"
EndProject
Project("{FAE04EC0-301F-11D3-BF4B-00C04F79EFBC}") = "Entities", "Entities\Entities.csproj", "{386CC003-A430-40D9-85CA-14A95B00A294}"
EndProject
Project("{FAE04EC0-301F-11D3-BF4B-00C04F79EFBC}") = "ConsoleUI", "ConsoleUI\ConsoleUI.csproj", "{081CF607-E1B3-4096-8B4C-E640B05FAB4C}"
EndProject
Global
	GlobalSection(SolutionConfigurationPlatforms) = preSolution
		Debug|Any CPU = Debug|Any CPU
		Release|Any CPU = Release|Any CPU
	EndGlobalSection
	GlobalSection(ProjectConfigurationPlatforms) = postSolution
		{A1D68F16-C102-4372-A136-CE52E6531803}.Debug|Any CPU.ActiveCfg = Debug|Any CPU
		{A1D68F16-C102-4372-A136-CE52E6531803}.Debug|Any CPU.Build.0 = Debug|Any CPU
		{A1D68F16-C102-4372-A136-CE52E6531803}.Release|Any CPU.ActiveCfg = Release|Any CPU
		{A1D68F16-C102-4372-A136-CE52E6531803}.Release|Any CPU.Build.0 = Release|Any CPU
		{11424D9D-41AC-4CD7-9C37-E75F0032ADCD}.Debug|Any CPU.ActiveCfg = Debug|Any CPU
		{11424D9D-41AC-4CD7-9C37-E75F0032ADCD}.Debug|Any CPU.Build.0 = Debug|Any CPU
		{11424D9D-41AC-4CD7-9C37-E75F0032ADCD}.Release|Any CPU.ActiveCfg = Release|Any CPU
		{11424D9D-41AC-4CD7-9C37-E75F0032ADCD}.Release|Any CPU.Build.0 = Release|Any CPU
		{386CC003-A430-40D9-85CA-14A95B00A294}.Debug|Any CPU.ActiveCfg = Debug|Any CPU
		{386CC003-A430-40D9-85CA-14A95B00A294}.Debug|Any CPU.Build.0 = Debug|Any CPU
		{386CC003-A430-40D9-85CA-14A95B00A294}.Release|Any CPU.ActiveCfg = Release|Any CPU
		{386CC003-A430-40D9-85CA-14A95B00A294}.Release|Any CPU.Build.0 = Release|Any CPU
		{081CF607-E1B3-4096-8B4C-E640B05FAB4C}.Debug|Any CPU.ActiveCfg = Debug|Any CPU
		{081CF607-E1B3-4096-8B4C-E640B05FAB4C}.Debug|Any CPU.Build.0 = Debug|Any CPU
		{081CF607-E1B3-4096-8B4C-E640B05FAB4C}.Release|Any CPU.ActiveCfg = Release|Any CPU
		{081CF607-E1B3-4096-8B4C-E640B05FAB4C}.Release|Any CPU.Build.0 = Release|Any CPU
	EndGlobalSection
	GlobalSection(SolutionProperties) = preSolution
		HideSolutionNode = FALSE
	EndGlobalSection
	GlobalSection(ExtensibilityGlobals) = postSolution
		SolutionGuid = {310DD15B-1FE9-4D82-9C1F-97DB22B87875}
	EndGlobalSection
EndGlobal
